# THIS IS AN AUTOGENERATED FILE. DO NOT EDIT THIS FILE DIRECTLY.
# yarn lockfile v1


"@azure/msal-common@^4.4.0":
  version "4.4.0"
  resolved "https://registry.yarnpkg.com/@azure/msal-common/-/msal-common-4.4.0.tgz#818526042f78838ebc332fb735e7de64d8bccb45"
  integrity sha512-Qrs33Ctt2KM7NxArFPIUKc8UbIcm7zYxJFdJeQ9k7HKBhVk3e88CUz1Mw33cS/Jr+YA1H02OAzHg++bJ+4SFyQ==
  dependencies:
    debug "^4.1.1"

"@azure/msal-node@^1.0.0-beta.3":
  version "1.2.0"
  resolved "https://registry.yarnpkg.com/@azure/msal-node/-/msal-node-1.2.0.tgz#d08a5fb3391436715cb37c6eb44816013bdfa11e"
  integrity sha512-79o5n483vslc7Qegh9+0BsxODRmlk6YYjVdl9jvwmAuF+i+oylq57e7RVhTVocKCbLCIMOKARI14JyKdDbW0WA==
  dependencies:
    "@azure/msal-common" "^4.4.0"
    axios "^0.21.1"
    jsonwebtoken "^8.5.1"
    uuid "^8.3.0"

"@xboxreplay/errors@^0.1.0":
  version "0.1.0"
  resolved "https://registry.yarnpkg.com/@xboxreplay/errors/-/errors-0.1.0.tgz#e8daceb3c88c104872301d4193f54dc141a8d35a"
  integrity sha512-Tgz1d/OIPDWPeyOvuL5+aai5VCcqObhPnlI3skQuf80GVF3k1I0lPCnGC+8Cm5PV9aLBT5m8qPcJoIUQ2U4y9g==

"@xboxreplay/xboxlive-auth@^3.3.3":
  version "3.3.3"
  resolved "https://registry.yarnpkg.com/@xboxreplay/xboxlive-auth/-/xboxlive-auth-3.3.3.tgz#fd52821f4857c92bc30c2c19b18dac4ca7677e6f"
  integrity sha512-j0AU8pW10LM8O68CTZ5QHnvOjSsnPICy0oQcP7zyM7eWkDQ/InkiQiirQKsPn1XRYDl4ccNu0WM582s3UKwcBg==
  dependencies:
    "@xboxreplay/errors" "^0.1.0"
    axios "^0.21.1"

aes-js@^3.1.2:
  version "3.1.2"
  resolved "https://registry.yarnpkg.com/aes-js/-/aes-js-3.1.2.tgz#db9aabde85d5caabbfc0d4f2a4446960f627146a"
  integrity sha512-e5pEa2kBnBOgR4Y/p20pskXI74UEz7de8ZGVo58asOtvSVG5YAbJeELPZxOmt+Bnz3rX753YKhfIn4X4l1PPRQ==

ajv@^6.5.4:
  version "6.12.6"
  resolved "https://registry.yarnpkg.com/ajv/-/ajv-6.12.6.tgz#baf5a62e802b07d977034586f8c3baf5adf26df4"
  integrity sha512-j3fVLgvTo527anyYyJOGTYJbG+vnnQYvE0m5mmkc1TK+nxAppkCLMIL0aZ4dblVCNoGShhm+kzE4ZUykBoMg4g==
  dependencies:
    fast-deep-equal "^3.1.1"
    fast-json-stable-stringify "^2.0.0"
    json-schema-traverse "^0.4.1"
    uri-js "^4.2.2"

asn1@0.2.3:
  version "0.2.3"
  resolved "https://registry.yarnpkg.com/asn1/-/asn1-0.2.3.tgz#dac8787713c9966849fc8180777ebe9c1ddf3b86"
  integrity sha1-2sh4dxPJlmhJ/IGAd36+nB3fO4Y=

axios@^0.21.1:
  version "0.21.1"
  resolved "https://registry.yarnpkg.com/axios/-/axios-0.21.1.tgz#22563481962f4d6bde9a76d516ef0e5d3c09b2b8"
  integrity sha512-dKQiRHxGD9PPRIUNIWvZhPTPpl1rf/OxTYKsqKUDjBwYylTvV7SjSHJb9ratfyzM6wCdLCOYLzs73qpg5c4iGA==
  dependencies:
    follow-redirects "^1.10.0"

buffer-equal-constant-time@1.0.1:
  version "1.0.1"
  resolved "https://registry.yarnpkg.com/buffer-equal-constant-time/-/buffer-equal-constant-time-1.0.1.tgz#f8e71132f7ffe6e01a5c9697a4c6f3e48d5cc819"
  integrity sha1-+OcRMvf/5uAaXJaXpMbz5I1cyBk=

buffer-equal@^1.0.0:
  version "1.0.0"
  resolved "https://registry.yarnpkg.com/buffer-equal/-/buffer-equal-1.0.0.tgz#59616b498304d556abd466966b22eeda3eca5fbe"
  integrity sha1-WWFrSYME1Var1GaWayLu2j7KX74=

commander@^2.19.0:
  version "2.20.3"
  resolved "https://registry.yarnpkg.com/commander/-/commander-2.20.3.tgz#fd485e84c03eb4881c20722ba48035e8531aeb33"
  integrity sha512-GpVkmM8vF2vQUkj2LvZmD35JxeJOLCwJ9cUkugyk2nuhbv3+mJvpLYYt+0+USMxE+oj+ey/lJEnhZw75x/OMcQ==

data-uri-to-buffer@^4.0.0:
  version "4.0.0"
  resolved "https://registry.yarnpkg.com/data-uri-to-buffer/-/data-uri-to-buffer-4.0.0.tgz#b5db46aea50f6176428ac05b73be39a57701a64b"
  integrity sha512-Vr3mLBA8qWmcuschSLAOogKgQ/Jwxulv3RNE4FXnYWRGujzrRWQI4m12fQqRkwX06C0KanhLr4hK+GydchZsaA==

dateformat@^4.5.1:
  version "4.5.1"
  resolved "https://registry.yarnpkg.com/dateformat/-/dateformat-4.5.1.tgz#c20e7a9ca77d147906b6dc2261a8be0a5bd2173c"
  integrity sha512-OD0TZ+B7yP7ZgpJf5K2DIbj3FZvFvxgFUuaqA/V5zTjAtAAXZ1E8bktHxmAGs4x5b7PflqA9LeQ84Og7wYtF7Q==

debug@^4.1.0, debug@^4.1.1:
  version "4.3.2"
  resolved "https://registry.yarnpkg.com/debug/-/debug-4.3.2.tgz#f0a49c18ac8779e31d4a0c6029dfb76873c7428b"
  integrity sha512-mOp8wKcvj7XxC78zLgw/ZA+6TSgkoE2C/ienthhRD298T7UNwAg9diBpLRxC0mOezLl4B0xV7M0cCO6P/O0Xhw==
  dependencies:
    ms "2.1.2"

delay@^5.0.0:
  version "5.0.0"
  resolved "https://registry.yarnpkg.com/delay/-/delay-5.0.0.tgz#137045ef1b96e5071060dd5be60bf9334436bd1d"
  integrity sha512-ReEBKkIfe4ya47wlPYf/gu5ib6yUG0/Aez0JQZQz94kiWtRQvZIQbTiehsnwHvLSWJnQdhVeqYue7Id1dKr0qw==

discontinuous-range@1.0.0:
  version "1.0.0"
  resolved "https://registry.yarnpkg.com/discontinuous-range/-/discontinuous-range-1.0.0.tgz#e38331f0844bba49b9a9cb71c771585aab1bc65a"
  integrity sha1-44Mx8IRLukm5qctxx3FYWqsbxlo=

dotenv@^10.0.0:
  version "10.0.0"
  resolved "https://registry.yarnpkg.com/dotenv/-/dotenv-10.0.0.tgz#3d4227b8fb95f81096cdd2b66653fb2c7085ba81"
  integrity sha512-rlBi9d8jpv9Sf1klPjNfFAuWDjKLwTIJJ/VxtoTwIR6hnZxcEOQCZg2oIL3MWBYw5GpUDKOEnND7LXTbIpQ03Q==

ecdsa-sig-formatter@1.0.11:
  version "1.0.11"
  resolved "https://registry.yarnpkg.com/ecdsa-sig-formatter/-/ecdsa-sig-formatter-1.0.11.tgz#ae0f0fa2d85045ef14a817daa3ce9acd0489e5bf"
  integrity sha512-nagl3RYrbNv6kQkeJIpt6NJZy8twLB/2vtz6yN9Z4vRKHN4/QZJIEbqohALSgwKdnksuY3k5Addp5lg8sVoVcQ==
  dependencies:
    safe-buffer "^5.0.1"

endian-toggle@^0.0.0:
  version "0.0.0"
  resolved "https://registry.yarnpkg.com/endian-toggle/-/endian-toggle-0.0.0.tgz#e5cc7578b1032d6ee01eafcd73765db0db4dc0a6"
  integrity sha1-5cx1eLEDLW7gHq/Nc3ZdsNtNwKY=

fast-deep-equal@^3.1.1:
  version "3.1.3"
  resolved "https://registry.yarnpkg.com/fast-deep-equal/-/fast-deep-equal-3.1.3.tgz#3a7d56b559d6cbc3eb512325244e619a65c6c525"
  integrity sha512-f3qQ9oQy9j2AhBe/H9VC91wLmKBCCU/gDOnKNAYG5hswO7BLKj09Hc5HYNz9cGI++xlpDCIgDaitVs03ATR84Q==

fast-json-stable-stringify@^2.0.0:
  version "2.1.0"
  resolved "https://registry.yarnpkg.com/fast-json-stable-stringify/-/fast-json-stable-stringify-2.1.0.tgz#874bf69c6f404c2b5d99c481341399fd55892633"
  integrity sha512-lhd/wF+Lk98HZoTCtlVraHtfh5XYijIjalXck7saUtuanSDyLMxnHhSXEDJqHxD7msR8D0uCmqlkwjCV8xvwHw==

fetch-blob@^3.1.2, fetch-blob@^3.1.3:
  version "3.1.4"
  resolved "https://registry.yarnpkg.com/fetch-blob/-/fetch-blob-3.1.4.tgz#e8c6567f80ad7fc22fd302e7dcb72bafde9c1717"
  integrity sha512-Eq5Xv5+VlSrYWEqKrusxY1C3Hm/hjeAsCGVG3ft7pZahlUAChpGZT/Ms1WmSLnEAisEXszjzu/s+ce6HZB2VHA==
  dependencies:
    node-domexception "^1.0.0"
    web-streams-polyfill "^3.0.3"

follow-redirects@^1.10.0:
  version "1.14.1"
  resolved "https://registry.yarnpkg.com/follow-redirects/-/follow-redirects-1.14.1.tgz#d9114ded0a1cfdd334e164e6662ad02bfd91ff43"
  integrity sha512-HWqDgT7ZEkqRzBvc2s64vSZ/hfOceEol3ac/7tKwzuvEyWx3/4UegXh5oBOIotkGsObyk3xznnSRVADBgWSQVg==

formdata-polyfill@^4.0.10:
  version "4.0.10"
  resolved "https://registry.yarnpkg.com/formdata-polyfill/-/formdata-polyfill-4.0.10.tgz#24807c31c9d402e002ab3d8c720144ceb8848423"
  integrity sha512-buewHzMvYL29jdeQTVILecSaZKnt/RJWjoZCF5OW60Z67/GmSLBkOFM7qh1PI3zFNtJbaZL5eQu1vLfazOwj4g==
  dependencies:
    fetch-blob "^3.1.2"

graceful-fs@^4.1.6:
  version "4.2.6"
  resolved "https://registry.yarnpkg.com/graceful-fs/-/graceful-fs-4.2.6.tgz#ff040b2b0853b23c3d31027523706f1885d76bee"
  integrity sha512-nTnJ528pbqxYanhpDYsi4Rd8MAeaBA67+RZ10CM1m3bTAVFEDcd5AuA4a6W5YkGZ1iNXHzZz8T6TBKLeBuNriQ==

inherits@^2.0.3:
  version "2.0.4"
  resolved "https://registry.yarnpkg.com/inherits/-/inherits-2.0.4.tgz#0fa2c64f932917c3433a0ded55363aae37416b7c"
  integrity sha512-k/vGaX4/Yla3WzyMCvTQOXYeIHvqOKtnqBduzTHpzpQZzAskKMhZ2K+EnBiSM9zGSoIFeMpXKxa4dYeZIQqewQ==

json-schema-traverse@^0.4.1:
  version "0.4.1"
  resolved "https://registry.yarnpkg.com/json-schema-traverse/-/json-schema-traverse-0.4.1.tgz#69f6a87d9513ab8bb8fe63bdb0979c448e684660"
  integrity sha512-xbbCH5dCYU5T8LcEhhuh7HJ88HXuW3qsI3Y0zOZFKfZEHcpWiHU/Jxzk629Brsab/mMiHQti9wMP+845RPe3Vg==

jsonfile@^6.1.0:
  version "6.1.0"
  resolved "https://registry.yarnpkg.com/jsonfile/-/jsonfile-6.1.0.tgz#bc55b2634793c679ec6403094eb13698a6ec0aae"
  integrity sha512-5dgndWOriYSm5cnYaJNhalLNDKOqFwyDB/rr1E9ZsGciGvKPs8R2xYGCacuf3z6K1YKDz182fd+fY3cn3pMqXQ==
  dependencies:
    universalify "^2.0.0"
  optionalDependencies:
    graceful-fs "^4.1.6"

jsonwebtoken@^8.5.1:
  version "8.5.1"
  resolved "https://registry.yarnpkg.com/jsonwebtoken/-/jsonwebtoken-8.5.1.tgz#00e71e0b8df54c2121a1f26137df2280673bcc0d"
  integrity sha512-XjwVfRS6jTMsqYs0EsuJ4LGxXV14zQybNd4L2r0UvbVnSF9Af8x7p5MzbJ90Ioz/9TI41/hTCvznF/loiSzn8w==
  dependencies:
    jws "^3.2.2"
    lodash.includes "^4.3.0"
    lodash.isboolean "^3.0.3"
    lodash.isinteger "^4.0.4"
    lodash.isnumber "^3.0.3"
    lodash.isplainobject "^4.0.6"
    lodash.isstring "^4.0.1"
    lodash.once "^4.0.0"
    ms "^2.1.1"
    semver "^5.6.0"

jwa@^1.4.1:
  version "1.4.1"
  resolved "https://registry.yarnpkg.com/jwa/-/jwa-1.4.1.tgz#743c32985cb9e98655530d53641b66c8645b039a"
  integrity sha512-qiLX/xhEEFKUAJ6FiBMbes3w9ATzyk5W7Hvzpa/SLYdxNtng+gcurvrI7TbACjIXlsJyr05/S1oUhZrc63evQA==
  dependencies:
    buffer-equal-constant-time "1.0.1"
    ecdsa-sig-formatter "1.0.11"
    safe-buffer "^5.0.1"

jws@^3.2.2:
  version "3.2.2"
  resolved "https://registry.yarnpkg.com/jws/-/jws-3.2.2.tgz#001099f3639468c9414000e99995fa52fb478304"
  integrity sha512-YHlZCB6lMTllWDtSPHz/ZXTsi8S00usEV6v1tjq8tOUZzw7DpSDWVXjXDre6ed1w/pd495ODpHZYSdkRTsa0HA==
  dependencies:
    jwa "^1.4.1"
    safe-buffer "^5.0.1"

lodash.get@^4.1.2, lodash.get@^4.4.2:
  version "4.4.2"
  resolved "https://registry.yarnpkg.com/lodash.get/-/lodash.get-4.4.2.tgz#2d177f652fa31e939b4438d5341499dfa3825e99"
  integrity sha1-LRd/ZS+jHpObRDjVNBSZ36OCXpk=

lodash.includes@^4.3.0:
  version "4.3.0"
  resolved "https://registry.yarnpkg.com/lodash.includes/-/lodash.includes-4.3.0.tgz#60bb98a87cb923c68ca1e51325483314849f553f"
  integrity sha1-YLuYqHy5I8aMoeUTJUgzFISfVT8=

lodash.isboolean@^3.0.3:
  version "3.0.3"
  resolved "https://registry.yarnpkg.com/lodash.isboolean/-/lodash.isboolean-3.0.3.tgz#6c2e171db2a257cd96802fd43b01b20d5f5870f6"
  integrity sha1-bC4XHbKiV82WgC/UOwGyDV9YcPY=

lodash.isinteger@^4.0.4:
  version "4.0.4"
  resolved "https://registry.yarnpkg.com/lodash.isinteger/-/lodash.isinteger-4.0.4.tgz#619c0af3d03f8b04c31f5882840b77b11cd68343"
  integrity sha1-YZwK89A/iwTDH1iChAt3sRzWg0M=

lodash.isnumber@^3.0.3:
  version "3.0.3"
  resolved "https://registry.yarnpkg.com/lodash.isnumber/-/lodash.isnumber-3.0.3.tgz#3ce76810c5928d03352301ac287317f11c0b1ffc"
  integrity sha1-POdoEMWSjQM1IwGsKHMX8RwLH/w=

lodash.isplainobject@^4.0.6:
  version "4.0.6"
  resolved "https://registry.yarnpkg.com/lodash.isplainobject/-/lodash.isplainobject-4.0.6.tgz#7c526a52d89b45c45cc690b88163be0497f550cb"
  integrity sha1-fFJqUtibRcRcxpC4gWO+BJf1UMs=

lodash.isstring@^4.0.1:
  version "4.0.1"
  resolved "https://registry.yarnpkg.com/lodash.isstring/-/lodash.isstring-4.0.1.tgz#d527dfb5456eca7cc9bb95d5daeaf88ba54a5451"
  integrity sha1-1SfftUVuynzJu5XV2ur4i6VKVFE=

lodash.merge@^4.3.0:
  version "4.6.2"
  resolved "https://registry.yarnpkg.com/lodash.merge/-/lodash.merge-4.6.2.tgz#558aa53b43b661e1925a0afdfa36a9a1085fe57a"
  integrity sha512-0KpjqXRVvrYyCsX1swR/XTK0va6VQkQM6MNo7PqW77ByjAhoARA8EfrP1N4+KlKj8YS0ZUCtRT/YUuhyYDujIQ==

lodash.once@^4.0.0:
  version "4.1.1"
  resolved "https://registry.yarnpkg.com/lodash.once/-/lodash.once-4.1.1.tgz#0dd3971213c7c56df880977d504c88fb471a97ac"
  integrity sha1-DdOXEhPHxW34gJd9UEyI+0cal6w=

lodash.reduce@^4.6.0:
  version "4.6.0"
  resolved "https://registry.yarnpkg.com/lodash.reduce/-/lodash.reduce-4.6.0.tgz#f1ab6b839299ad48f784abbf476596f03b914d3b"
  integrity sha1-8atrg5KZrUj3hKu/R2WW8DuRTTs=

macaddress@^0.5.1:
  version "0.5.2"
  resolved "https://registry.yarnpkg.com/macaddress/-/macaddress-0.5.2.tgz#0ed6c836da3b182e4400bc4594083cdd33511cc4"
  integrity sha512-cYYBbT3b84hTEHssWE6OmsuqF/NiLXE2RGK9Sc9SwwE9kMoKrbaUAJtKs6ucd0FFgZjXE1Wm3hoGEEYas0N6EA==

minecraft-data@^2.61.0, minecraft-data@^2.62.1, minecraft-data@^2.70.0, minecraft-data@^2.73.1, minecraft-data@^2.74.0, minecraft-data@^2.75.0, minecraft-data@^2.79.0:
  version "2.88.0"
  resolved "https://registry.yarnpkg.com/minecraft-data/-/minecraft-data-2.88.0.tgz#262b111ed803c4019025972f690cf9fbd0c25b14"
  integrity sha512-rHI5as9Hqey6sb7i3wLlFIxwV+GnbzSaIZ8nR86I74XkoQsvmtjuB+uEGjNWoO2NILVDQDQZQgkssnA7VBgIuA==

minecraft-folder-path@^1.1.0:
  version "1.2.0"
  resolved "https://registry.yarnpkg.com/minecraft-folder-path/-/minecraft-folder-path-1.2.0.tgz#08ea450bfb20dbb02cf6e1470864e2f0d652e477"
  integrity sha512-qaUSbKWoOsH9brn0JQuBhxNAzTDMwrOXorwuRxdJKKKDYvZhtml+6GVCUrY5HRiEsieBEjCUnhVpDuQiKsiFaw==

minecraft-protocol@^1.17.0:
  version "1.25.0"
  resolved "https://registry.yarnpkg.com/minecraft-protocol/-/minecraft-protocol-1.25.0.tgz#dc8b9498eb8147b02e23a8249b7326ebc15dea9c"
  integrity sha512-xAyjw03t/sKv7xBk4AxZnLMv5G/cJuXExAMtpK1lxZ5ILHfJObtz9m12tc1eiR7nXkoBgyUQptTZX81OWXyFtQ==
  dependencies:
    "@azure/msal-node" "^1.0.0-beta.3"
    "@xboxreplay/xboxlive-auth" "^3.3.3"
    aes-js "^3.1.2"
    buffer-equal "^1.0.0"
    debug "^4.1.0"
    endian-toggle "^0.0.0"
    lodash.get "^4.1.2"
    lodash.merge "^4.3.0"
    minecraft-data "^2.70.0"
    minecraft-folder-path "^1.1.0"
    node-fetch "^2.6.1"
    node-rsa "^0.4.2"
    prismarine-nbt "^1.3.0"
    protodef "^1.8.0"
    readable-stream "^3.0.6"
    uuid-1345 "^1.0.1"
    yggdrasil "^1.4.0"

mineflayer-pathfinder@^1.7.0:
  version "1.7.0"
  resolved "https://registry.yarnpkg.com/mineflayer-pathfinder/-/mineflayer-pathfinder-1.7.0.tgz#499aeca051089ed920c69982046364467cd2006a"
  integrity sha512-4pqGCrAHzGlq1oBcSwCrjJeNfDrLyaCKqQ8plAJ6XZ0DfWe6B1Zm+dlWQ0EqgQkBwjAG69pj1273VT9oFXne5A==
  dependencies:
    minecraft-data "^2.75.0"
    prismarine-block "^1.7.3"
    prismarine-entity "^1.1.0"
    prismarine-item "^1.5.0"
    prismarine-nbt "^1.4.0"
    prismarine-physics "^1.2.2"
    vec3 "^0.1.7"

mineflayer@^3.11.0:
  version "3.11.0"
  resolved "https://registry.yarnpkg.com/mineflayer/-/mineflayer-3.11.0.tgz#9965d3560700157bbfb5064adf1ab999b11cddfb"
  integrity sha512-BeCX21bbjSdQ45uv1em45w0BOrcpI2CiQu2Sgfvi2lvXbgDRE0Qklg/xngh0YhiYva1qo9vyyzySHBkuKj1hIg==
  dependencies:
    minecraft-data "^2.79.0"
    minecraft-protocol "^1.17.0"
    prismarine-biome "^1.1.0"
    prismarine-block "^1.6.0"
    prismarine-chat "^1.1.0"
    prismarine-chunk "^1.24.0"
    prismarine-entity "^1.0.0"
    prismarine-item "^1.6.0"
    prismarine-physics "^1.0.4"
    prismarine-recipe "^1.1.0"
    prismarine-windows "^2.3.0"
    prismarine-world "^3.6.0"
    protodef "^1.8.0"
    typed-emitter "^1.2.0"
    vec3 "^0.1.6"

mojangson@^2.0.1:
  version "2.0.2"
  resolved "https://registry.yarnpkg.com/mojangson/-/mojangson-2.0.2.tgz#5f3cd809f65fbc2191215d700bc6ae6fc06b36fd"
  integrity sha512-iGPRE1Ez+W+42Dt4Ao91c9VVs+FmuRUlAFDef76xRX3mbZrTNuezDtFI0PbfYqheg/B0fSiq0Q0V1emZNt37cw==
  dependencies:
    nearley "^2.19.5"

moo@^0.5.0:
  version "0.5.1"
  resolved "https://registry.yarnpkg.com/moo/-/moo-0.5.1.tgz#7aae7f384b9b09f620b6abf6f74ebbcd1b65dbc4"
  integrity sha512-I1mnb5xn4fO80BH9BLcF0yLypy2UKl+Cb01Fu0hJRkJjlCRtxZMWkTdAtDd5ZqCOxtCkhmRwyI57vWT+1iZ67w==

ms@2.1.2:
  version "2.1.2"
  resolved "https://registry.yarnpkg.com/ms/-/ms-2.1.2.tgz#d09d1f357b443f493382a8eb3ccd183872ae6009"
  integrity sha512-sGkPx+VjMtmA6MX27oA4FBFELFCZZ4S4XqeGOXCv68tT+jb3vk/RyaKWP0PTKyWtmLSM0b+adUTEvbs1PEaH2w==

ms@^2.1.1:
  version "2.1.3"
  resolved "https://registry.yarnpkg.com/ms/-/ms-2.1.3.tgz#574c8138ce1d2b5861f0b44579dbadd60c6615b2"
  integrity sha512-6FlzubTLZG3J2a/NVCAleEhjzq5oxgHyaCU9yYXvcLsvoVaHJq/s5xXI6/XXP6tz7R9xAOtHnSO/tXtF3WRTlA==

nearley@^2.19.5:
  version "2.20.1"
  resolved "https://registry.yarnpkg.com/nearley/-/nearley-2.20.1.tgz#246cd33eff0d012faf197ff6774d7ac78acdd474"
  integrity sha512-+Mc8UaAebFzgV+KpI5n7DasuuQCHA89dmwm7JXw3TV43ukfNQ9DnBH3Mdb2g/I4Fdxc26pwimBWvjIw0UAILSQ==
  dependencies:
    commander "^2.19.0"
    moo "^0.5.0"
    railroad-diagrams "^1.0.0"
    randexp "0.4.6"

node-domexception@^1.0.0:
  version "1.0.0"
  resolved "https://registry.yarnpkg.com/node-domexception/-/node-domexception-1.0.0.tgz#6888db46a1f71c0b76b3f7555016b63fe64766e5"
  integrity sha512-/jKZoMpw0F8GRwl4/eLROPA3cfcXtLApP0QzLmUT/HuPCZWyB7IY9ZrMeKw2O/nFIqPQB3PVM9aYm0F312AXDQ==

node-fetch@^2.6.1:
  version "2.6.1"
  resolved "https://registry.yarnpkg.com/node-fetch/-/node-fetch-2.6.1.tgz#045bd323631f76ed2e2b55573394416b639a0052"
  integrity sha512-V4aYg89jEoVRxRb2fJdAg8FHvI7cEyYdVAh94HH0UIK8oJxUfkjlDQN9RbMx+bEjP7+ggMiFRprSti032Oipxw==

node-fetch@^3.1.1:
  version "3.1.1"
  resolved "https://registry.yarnpkg.com/node-fetch/-/node-fetch-3.1.1.tgz#d0d9607e455b3087e3092b821b5b1f1ebf4c2147"
  integrity sha512-SMk+vKgU77PYotRdWzqZGTZeuFKlsJ0hu4KPviQKkfY+N3vn2MIzr0rvpnYpR8MtB3IEuhlEcuOLbGvLRlA+yg==
  dependencies:
    data-uri-to-buffer "^4.0.0"
    fetch-blob "^3.1.3"
    formdata-polyfill "^4.0.10"

node-rsa@^0.4.2:
  version "0.4.2"
  resolved "https://registry.yarnpkg.com/node-rsa/-/node-rsa-0.4.2.tgz#d6391729ec16a830ed5a38042b3157d2d5d72530"
  integrity sha1-1jkXKewWqDDtWjgEKzFX0tXXJTA=
  dependencies:
    asn1 "0.2.3"

prismarine-biome@^1.1.0:
  version "1.1.1"
  resolved "https://registry.yarnpkg.com/prismarine-biome/-/prismarine-biome-1.1.1.tgz#865f80fb94293e6e5be66c9f5f826323564ad2e0"
  integrity sha512-JkX1CcIDR538j5Qj3pbLCTB2LsGukNOudWbk4niQ93a3fItLVJkPnY9H3/uxpVz2PIQxhmaAXVRaYWj6M9C2Bw==

prismarine-block@^1.2.0, prismarine-block@^1.6.0, prismarine-block@^1.7.3:
  version "1.10.0"
  resolved "https://registry.yarnpkg.com/prismarine-block/-/prismarine-block-1.10.0.tgz#2fadfae8f6fdb1007f32f35d85a5f0098e1c9c58"
  integrity sha512-/YeoGppY9y4EyZnsfLY41kuExf8AgStBo2uRmFGmP1Pz8d6/kFqTtZpt+Jq8oA9+7E50s31gHaKEolhPY4c+8w==
  dependencies:
    prismarine-biome "^1.1.0"

prismarine-chat@^1.1.0:
  version "1.3.1"
  resolved "https://registry.yarnpkg.com/prismarine-chat/-/prismarine-chat-1.3.1.tgz#54989436cdcb8b565d084051893250d82f91c737"
  integrity sha512-z22XM01opIZnXJ/swGTek/bU3Vj/y80urfaGFBFFM7qOCcvCJt+ITGdnSK4BNUNRYWtE1LKCwVpkP0/lK6Hb1A==
  dependencies:
    minecraft-data "^2.62.1"
    mojangson "^2.0.1"
    prismarine-item "^1.10.0"
    prismarine-nbt "^1.6.0"
    sprintf-js "^1.1.2"

prismarine-chunk@^1.24.0:
  version "1.26.0"
  resolved "https://registry.yarnpkg.com/prismarine-chunk/-/prismarine-chunk-1.26.0.tgz#33daa129b7e1f304e57ddda9715a35ec3cf04681"
  integrity sha512-BRObPaV4Lg0g735jaj97MT0BRzYOSggumkEPT1OkX/INvpTD75IKqRKzlT1P9jjxPTnXkoqsA6Mo6o9y4Tlo/w==
  dependencies:
    minecraft-data "^2.61.0"
    prismarine-block "^1.2.0"
    smart-buffer "^4.1.0"
    uint4 "^0.1.2"
    vec3 "^0.1.3"

prismarine-entity@^1.0.0, prismarine-entity@^1.1.0:
  version "1.2.0"
  resolved "https://registry.yarnpkg.com/prismarine-entity/-/prismarine-entity-1.2.0.tgz#1c87a4186b1a2ea33465d1b627944b5575ab0038"
  integrity sha512-4dQ9LYl6HDJQrwZHjSKU4D5VNyHRnfrjcw7eVLlbRPkuR50utW5mmfPi4ys9U7tHNmGWHC/cwjH9xzT75LUovQ==
  dependencies:
    vec3 "^0.1.4"

prismarine-item@^1.10.0, prismarine-item@^1.5.0, prismarine-item@^1.6.0:
  version "1.10.0"
  resolved "https://registry.yarnpkg.com/prismarine-item/-/prismarine-item-1.10.0.tgz#41c35774b9935178f8d990e41d64c09ddd0b7070"
  integrity sha512-gs3GU53FIQhk6Ry9LrThiPVIFUL/pC/mrHJlgqostLCxP2tjjr1USmHobBBZwFpf92Zm/yZsC64z0ZoiZCZYrg==
  dependencies:
    prismarine-nbt "^1.4.0"

prismarine-nbt@^1.3.0, prismarine-nbt@^1.4.0, prismarine-nbt@^1.6.0:
  version "1.6.0"
  resolved "https://registry.yarnpkg.com/prismarine-nbt/-/prismarine-nbt-1.6.0.tgz#fc5d0300d4b3123a1371caa87d540136309a33f5"
  integrity sha512-h0ECvIjjwjMOtsmHxHc8hNY7kzktnKqKXmOHF0AkmH7OjkcHNAFsWRiZNvfc76rOhNonRutHvTVAlh/eLtK0oA==
  dependencies:
    protodef "^1.9.0"

prismarine-physics@^1.0.4, prismarine-physics@^1.2.2:
  version "1.3.0"
  resolved "https://registry.yarnpkg.com/prismarine-physics/-/prismarine-physics-1.3.0.tgz#2b516552ef7c1d35f7b569dd363b058996f9b6b9"
  integrity sha512-VfQk5BOo2pGWTuyDOWCWPi3VmISk61ZEWccmWyFHWdWXTaaC8R7h6yEbgT4L+61plzHIenjSrReK8j9TYx0GLg==
  dependencies:
    minecraft-data "^2.73.1"
    prismarine-nbt "^1.4.0"
    vec3 "^0.1.7"

prismarine-recipe@^1.1.0:
  version "1.1.0"
  resolved "https://registry.yarnpkg.com/prismarine-recipe/-/prismarine-recipe-1.1.0.tgz#ba83fea0d6f5ad3be83398a20f85f7e800665732"
  integrity sha512-eFmriEWoe6S6OSVbOJnsXpaBuzeIzjaGymDUTCtrOu80734NWKI7outdLI6R2ztJ+f2PFIkFmpkazAdScStGNA==

prismarine-windows@^2.3.0:
  version "2.4.1"
  resolved "https://registry.yarnpkg.com/prismarine-windows/-/prismarine-windows-2.4.1.tgz#2e34ab367ac579b2692382e23565dd06455c48a6"
  integrity sha512-C6dlEUkY8JUf/K7mB7dn7oSHZfSvV+BZhrTmg6COBGDCVcFx+VBM7OFyAVN+7aoS29O+v60VgimMnOp9aMLSBg==
  dependencies:
    minecraft-data "^2.74.0"
    prismarine-item "^1.5.0"

prismarine-world@^3.6.0:
  version "3.6.0"
  resolved "https://registry.yarnpkg.com/prismarine-world/-/prismarine-world-3.6.0.tgz#9b9631f09f7ddd4e1cee142d6537e2ab0335ded7"
  integrity sha512-rAudKWNOfiDrDaBlXx9/5B4CO/kc5G1RBq3GFAu1ov6GwUq8Ib8KXYeHPsoJwN3tfVDuFaJjncgsShqdoSmP0w==
  dependencies:
    vec3 "^0.1.7"

protodef-validator@^1.3.0:
  version "1.3.1"
  resolved "https://registry.yarnpkg.com/protodef-validator/-/protodef-validator-1.3.1.tgz#bcdec416d25a8c17be19074bb16d157afa37d183"
  integrity sha512-lZ5FWKZYR9xOjpMw1+EfZRfCjzNRQWPq+Dk+jki47Sikl2EeWEPnTfnJERwnU/EwFq6us+0zqHHzSsmLeYX+Lg==
  dependencies:
    ajv "^6.5.4"

protodef@^1.8.0, protodef@^1.9.0:
  version "1.14.0"
  resolved "https://registry.yarnpkg.com/protodef/-/protodef-1.14.0.tgz#bec29a18dd44ccf449f991e9e42c4a3b56ce4a27"
  integrity sha512-rL1WRlBC8LbAgBTa401eHMqnkX6zy1pHgS4kTSJVJ8rwP/AgVuWijGE3S3XHRkRjB/+4U1jMTqRdmtGdIqVOKQ==
  dependencies:
    lodash.get "^4.4.2"
    lodash.reduce "^4.6.0"
    protodef-validator "^1.3.0"
    readable-stream "^3.0.3"

punycode@^2.1.0:
  version "2.1.1"
  resolved "https://registry.yarnpkg.com/punycode/-/punycode-2.1.1.tgz#b58b010ac40c22c5657616c8d2c2c02c7bf479ec"
  integrity sha512-XRsRjdf+j5ml+y/6GKHPZbrF/8p2Yga0JPtdqTIY2Xe5ohJPD9saDJJLPvp9+NSBprVvevdXZybnj2cv8OEd0A==

railroad-diagrams@^1.0.0:
  version "1.0.0"
  resolved "https://registry.yarnpkg.com/railroad-diagrams/-/railroad-diagrams-1.0.0.tgz#eb7e6267548ddedfb899c1b90e57374559cddb7e"
  integrity sha1-635iZ1SN3t+4mcG5Dlc3RVnN234=

randexp@0.4.6:
  version "0.4.6"
  resolved "https://registry.yarnpkg.com/randexp/-/randexp-0.4.6.tgz#e986ad5e5e31dae13ddd6f7b3019aa7c87f60ca3"
  integrity sha512-80WNmd9DA0tmZrw9qQa62GPPWfuXJknrmVmLcxvq4uZBdYqb1wYoKTmnlGUchvVWe0XiLupYkBoXVOxz3C8DYQ==
  dependencies:
    discontinuous-range "1.0.0"
    ret "~0.1.10"

readable-stream@^3.0.3, readable-stream@^3.0.6:
  version "3.6.0"
  resolved "https://registry.yarnpkg.com/readable-stream/-/readable-stream-3.6.0.tgz#337bbda3adc0706bd3e024426a286d4b4b2c9198"
  integrity sha512-BViHy7LKeTz4oNnkcLJ+lVSL6vpiFeX6/d3oSH8zCW7UxP2onchk+vTGB143xuFjHS3deTgkKoXXymXqymiIdA==
  dependencies:
    inherits "^2.0.3"
    string_decoder "^1.1.1"
    util-deprecate "^1.0.1"

readline@^1.3.0:
  version "1.3.0"
  resolved "https://registry.yarnpkg.com/readline/-/readline-1.3.0.tgz#c580d77ef2cfc8752b132498060dc9793a7ac01c"
  integrity sha1-xYDXfvLPyHUrEySYBg3JeTp6wBw=

ret@~0.1.10:
  version "0.1.15"
  resolved "https://registry.yarnpkg.com/ret/-/ret-0.1.15.tgz#b8a4825d5bdb1fc3f6f53c2bc33f81388681c7bc"
  integrity sha512-TTlYpa+OL+vMMNG24xSlQGEJ3B/RzEfUlLct7b5G/ytav+wPrplCpVMFuwzXbkecJrb6IYo1iFb0S9v37754mg==

safe-buffer@^5.0.1, safe-buffer@~5.2.0:
  version "5.2.1"
  resolved "https://registry.yarnpkg.com/safe-buffer/-/safe-buffer-5.2.1.tgz#1eaf9fa9bdb1fdd4ec75f58f9cdb4e6b7827eec6"
  integrity sha512-rp3So07KcdmmKbGvgaNxQSJr7bGVSVk5S9Eq1F+ppbRo70+YeaDxkw5Dd8NPN+GD6bjnYm2VuPuCXmpuYvmCXQ==

semver@^5.6.0:
  version "5.7.1"
  resolved "https://registry.yarnpkg.com/semver/-/semver-5.7.1.tgz#a954f931aeba508d307bbf069eff0c01c96116f7"
  integrity sha512-sauaDf/PZdVgrLTNYHRtpXa1iRiKcaebiKQ1BJdpQlWH2lCvexQdX55snPFyK7QzpudqbCI0qXFfOasHdyNDGQ==

smart-buffer@^4.1.0:
  version "4.1.0"
  resolved "https://registry.yarnpkg.com/smart-buffer/-/smart-buffer-4.1.0.tgz#91605c25d91652f4661ea69ccf45f1b331ca21ba"
  integrity sha512-iVICrxOzCynf/SNaBQCw34eM9jROU/s5rzIhpOvzhzuYHfJR/DhZfDkXiZSgKXfgv26HT3Yni3AV/DGw0cGnnw==

sprintf-js@^1.1.2:
  version "1.1.2"
  resolved "https://registry.yarnpkg.com/sprintf-js/-/sprintf-js-1.1.2.tgz#da1765262bf8c0f571749f2ad6c26300207ae673"
  integrity sha512-VE0SOVEHCk7Qc8ulkWw3ntAzXuqf7S2lvwQaDLRnUeIEaKNQJzV6BwmLKhOqT61aGhfUMrXeaBk+oDGCzvhcug==

string_decoder@^1.1.1:
  version "1.3.0"
  resolved "https://registry.yarnpkg.com/string_decoder/-/string_decoder-1.3.0.tgz#42f114594a46cf1a8e30b0a84f56c78c3edac21e"
  integrity sha512-hkRX8U1WjJFd8LsDJ2yQ/wWWxaopEsABU1XfkM8A+j0+85JAGppt16cr1Whg6KIbb4okU6Mql6BOj+uup/wKeA==
  dependencies:
    safe-buffer "~5.2.0"

typed-emitter@^1.2.0:
  version "1.3.1"
  resolved "https://registry.yarnpkg.com/typed-emitter/-/typed-emitter-1.3.1.tgz#c98d71551a99d5f08ba9085ee44b8fc9b2357502"
  integrity sha512-2h7utWyXgd2R2u2IuL8B4yu1gqMxbgUj2VS/MGVbFhEVQNJKXoQQoS5CBMh+eW31zFeSmDfEQ3qQf4xy5SlPVQ==

uint4@^0.1.2:
  version "0.1.2"
  resolved "https://registry.yarnpkg.com/uint4/-/uint4-0.1.2.tgz#50c5ae04b85d28128f2df3cc0ecc4d41abc2f681"
  integrity sha1-UMWuBLhdKBKPLfPMDsxNQavC9oE=

universalify@^2.0.0:
  version "2.0.0"
  resolved "https://registry.yarnpkg.com/universalify/-/universalify-2.0.0.tgz#75a4984efedc4b08975c5aeb73f530d02df25717"
  integrity sha512-hAZsKq7Yy11Zu1DE0OzWjw7nnLZmJZYTDZZyEFHZdUhV8FkH5MCfoU1XMaxXovpyW5nq5scPqq0ZDP9Zyl04oQ==

uri-js@^4.2.2:
  version "4.4.1"
  resolved "https://registry.yarnpkg.com/uri-js/-/uri-js-4.4.1.tgz#9b1a52595225859e55f669d928f88c6c57f2a77e"
  integrity sha512-7rKUyy33Q1yc98pQ1DAmLtwX109F7TIfWlW1Ydo8Wl1ii1SeHieeh0HHfPeL2fMXK6z0s8ecKs9frCuLJvndBg==
  dependencies:
    punycode "^2.1.0"

util-deprecate@^1.0.1:
  version "1.0.2"
  resolved "https://registry.yarnpkg.com/util-deprecate/-/util-deprecate-1.0.2.tgz#450d4dc9fa70de732762fbd2d4a28981419a0ccf"
  integrity sha1-RQ1Nyfpw3nMnYvvS1KKJgUGaDM8=

uuid-1345@^1.0.1:
  version "1.0.2"
  resolved "https://registry.yarnpkg.com/uuid-1345/-/uuid-1345-1.0.2.tgz#1c43d074507c40494278d5236199bffac81e19b8"
  integrity sha512-bA5zYZui+3nwAc0s3VdGQGBfbVsJLVX7Np7ch2aqcEWFi5lsAEcmO3+lx3djM1npgpZI8KY2FITZ2uYTnYUYyw==
  dependencies:
    macaddress "^0.5.1"

uuid@^8.2.0, uuid@^8.3.0:
  version "8.3.2"
  resolved "https://registry.yarnpkg.com/uuid/-/uuid-8.3.2.tgz#80d5b5ced271bb9af6c445f21a1a04c606cefbe2"
  integrity sha512-+NYs2QeMWy+GWFOEm9xnn6HCDp0l7QBD7ml8zLUmJ+93Q5NF0NocErnwkTkXVFNiX3/fpC6afS8Dhb/gz7R7eg==

vec3@^0.1.3, vec3@^0.1.4, vec3@^0.1.6, vec3@^0.1.7:
  version "0.1.7"
  resolved "https://registry.yarnpkg.com/vec3/-/vec3-0.1.7.tgz#e203a7bcc2d074c328721421beed48b30c81e41b"
  integrity sha512-EZSeXBL+L3go2wWwtQQse4fEcNGIQjT14qvi4LYVj1ifZt/J5XZ1QZqkDuOVVH07YwTEIFbsAv3pzwUpF7x9Wg==

web-streams-polyfill@^3.0.3:
  version "3.2.0"
  resolved "https://registry.yarnpkg.com/web-streams-polyfill/-/web-streams-polyfill-3.2.0.tgz#a6b74026b38e4885869fb5c589e90b95ccfc7965"
  integrity sha512-EqPmREeOzttaLRm5HS7io98goBgZ7IVz79aDvqjD0kYXLtFZTc0T/U6wHTPKyIjb+MdN7DFIIX6hgdBEpWmfPA==

yggdrasil@^1.4.0:
  version "1.6.0"
  resolved "https://registry.yarnpkg.com/yggdrasil/-/yggdrasil-1.6.0.tgz#f14a53978c38896d8f296aa0d712e6f502120eaf"
  integrity sha512-cV/NoXlHModwS+Bp1H1z7HA+tVwSJ3f91y8udULx9VqVAFYcyHElbLSla8xfy8PKmyMGKJnN2q04MvbQEwOwqw==
  dependencies:
    node-fetch "^2.6.1"
    uuid "^8.2.0"
